
Microsoft Visual Studio Solution File, Format Version 12.00
Project("{FAE04EC0-301F-11D3-BF4B-00C04F79EFBC}") = "Store.Domain", "SemMediatr\Store.Domain\Store.Domain.csproj", "{40B1161E-7CF8-45E9-912F-6CF0FA9EEA65}"
EndProject
Project("{2150E333-8FDC-42A3-9474-1A3956D46DE8}") = "ComMediatr", "ComMediatr", "{20EC216D-6CFA-435E-A0BB-7F451965E966}"
EndProject
Project("{2150E333-8FDC-42A3-9474-1A3956D46DE8}") = "SemMediatr", "SemMediatr", "{2C60B57D-6FB8-4320-86E5-7903DCC99521}"
EndProject
Project("{FAE04EC0-301F-11D3-BF4B-00C04F79EFBC}") = "Store.Application", "SemMediatr\Store.Application\Store.Application.csproj", "{CC85E667-679E-4BD7-9097-6857581CD10A}"
EndProject
Project("{FAE04EC0-301F-11D3-BF4B-00C04F79EFBC}") = "Store.API", "SemMediatr\Store.API\Store.API.csproj", "{8C415D08-0A00-41D9-9742-3CDE8DAC3C32}"
EndProject
Project("{FAE04EC0-301F-11D3-BF4B-00C04F79EFBC}") = "Store.Domain", "ComMediatr\Store.Domain\Store.Domain.csproj", "{183E695C-DF50-41AF-89A8-D61A4BF61353}"
EndProject
Project("{FAE04EC0-301F-11D3-BF4B-00C04F79EFBC}") = "Store.Application", "ComMediatr\Store.Application\Store.Application.csproj", "{F8E55A6B-AE72-4001-A76A-394C96F9CAC0}"
EndProject
Project("{FAE04EC0-301F-11D3-BF4B-00C04F79EFBC}") = "Store.API", "ComMediatr\Store.API\Store.API.csproj", "{501A534B-7DCB-471F-B3A4-8014DC5B7581}"
EndProject
Global
	GlobalSection(SolutionConfigurationPlatforms) = preSolution
		Debug|Any CPU = Debug|Any CPU
		Release|Any CPU = Release|Any CPU
	EndGlobalSection
	GlobalSection(ProjectConfigurationPlatforms) = postSolution
		{40B1161E-7CF8-45E9-912F-6CF0FA9EEA65}.Debug|Any CPU.ActiveCfg = Debug|Any CPU
		{40B1161E-7CF8-45E9-912F-6CF0FA9EEA65}.Debug|Any CPU.Build.0 = Debug|Any CPU
		{40B1161E-7CF8-45E9-912F-6CF0FA9EEA65}.Release|Any CPU.ActiveCfg = Release|Any CPU
		{40B1161E-7CF8-45E9-912F-6CF0FA9EEA65}.Release|Any CPU.Build.0 = Release|Any CPU
		{CC85E667-679E-4BD7-9097-6857581CD10A}.Debug|Any CPU.ActiveCfg = Debug|Any CPU
		{CC85E667-679E-4BD7-9097-6857581CD10A}.Debug|Any CPU.Build.0 = Debug|Any CPU
		{CC85E667-679E-4BD7-9097-6857581CD10A}.Release|Any CPU.ActiveCfg = Release|Any CPU
		{CC85E667-679E-4BD7-9097-6857581CD10A}.Release|Any CPU.Build.0 = Release|Any CPU
		{8C415D08-0A00-41D9-9742-3CDE8DAC3C32}.Debug|Any CPU.ActiveCfg = Debug|Any CPU
		{8C415D08-0A00-41D9-9742-3CDE8DAC3C32}.Debug|Any CPU.Build.0 = Debug|Any CPU
		{8C415D08-0A00-41D9-9742-3CDE8DAC3C32}.Release|Any CPU.ActiveCfg = Release|Any CPU
		{8C415D08-0A00-41D9-9742-3CDE8DAC3C32}.Release|Any CPU.Build.0 = Release|Any CPU
		{183E695C-DF50-41AF-89A8-D61A4BF61353}.Debug|Any CPU.ActiveCfg = Debug|Any CPU
		{183E695C-DF50-41AF-89A8-D61A4BF61353}.Debug|Any CPU.Build.0 = Debug|Any CPU
		{183E695C-DF50-41AF-89A8-D61A4BF61353}.Release|Any CPU.ActiveCfg = Release|Any CPU
		{183E695C-DF50-41AF-89A8-D61A4BF61353}.Release|Any CPU.Build.0 = Release|Any CPU
		{F8E55A6B-AE72-4001-A76A-394C96F9CAC0}.Debug|Any CPU.ActiveCfg = Debug|Any CPU
		{F8E55A6B-AE72-4001-A76A-394C96F9CAC0}.Debug|Any CPU.Build.0 = Debug|Any CPU
		{F8E55A6B-AE72-4001-A76A-394C96F9CAC0}.Release|Any CPU.ActiveCfg = Release|Any CPU
		{F8E55A6B-AE72-4001-A76A-394C96F9CAC0}.Release|Any CPU.Build.0 = Release|Any CPU
		{501A534B-7DCB-471F-B3A4-8014DC5B7581}.Debug|Any CPU.ActiveCfg = Debug|Any CPU
		{501A534B-7DCB-471F-B3A4-8014DC5B7581}.Debug|Any CPU.Build.0 = Debug|Any CPU
		{501A534B-7DCB-471F-B3A4-8014DC5B7581}.Release|Any CPU.ActiveCfg = Release|Any CPU
		{501A534B-7DCB-471F-B3A4-8014DC5B7581}.Release|Any CPU.Build.0 = Release|Any CPU
	EndGlobalSection
	GlobalSection(NestedProjects) = preSolution
		{40B1161E-7CF8-45E9-912F-6CF0FA9EEA65} = {2C60B57D-6FB8-4320-86E5-7903DCC99521}
		{CC85E667-679E-4BD7-9097-6857581CD10A} = {2C60B57D-6FB8-4320-86E5-7903DCC99521}
		{8C415D08-0A00-41D9-9742-3CDE8DAC3C32} = {2C60B57D-6FB8-4320-86E5-7903DCC99521}
		{183E695C-DF50-41AF-89A8-D61A4BF61353} = {20EC216D-6CFA-435E-A0BB-7F451965E966}
		{F8E55A6B-AE72-4001-A76A-394C96F9CAC0} = {20EC216D-6CFA-435E-A0BB-7F451965E966}
		{501A534B-7DCB-471F-B3A4-8014DC5B7581} = {20EC216D-6CFA-435E-A0BB-7F451965E966}
	EndGlobalSection
EndGlobal
